
Microsoft Visual Studio Solution File, Format Version 12.00
# Visual Studio Version 16
VisualStudioVersion = 16.0.32002.261
MinimumVisualStudioVersion = 10.0.40219.1
Project("{D2ABAB84-BF74-430A-B69E-9DC6D40DDA17}") = "MultidimensionalProject1", "MultidimensionalProject1\MultidimensionalProject1.dwproj", "{C2488248-B034-48B0-8E47-8E25B666760D}"
EndProject
Global
	GlobalSection(SolutionConfigurationPlatforms) = preSolution
		Development|Default = Development|Default
	EndGlobalSection
	GlobalSection(ProjectConfigurationPlatforms) = postSolution
		{C2488248-B034-48B0-8E47-8E25B666760D}.Development|Default.ActiveCfg = Development
		{C2488248-B034-48B0-8E47-8E25B666760D}.Development|Default.Build.0 = Development
		{C2488248-B034-48B0-8E47-8E25B666760D}.Development|Default.Deploy.0 = Development
	EndGlobalSection
	GlobalSection(SolutionProperties) = preSolution
		HideSolutionNode = FALSE
	EndGlobalSection
	GlobalSection(ExtensibilityGlobals) = postSolution
		SolutionGuid = {0AE4B45B-951E-40E0-8CE3-3CB04AC42CC4}
	EndGlobalSection
EndGlobal
